{
  "originHash" : "2250c404ea88a775d27286b63d7c25c0d28ec2a47975cfbaa80550d9526f264b",
  "pins" : [
    {
      "identity" : "shadswift",
      "kind" : "remoteSourceControl",
      "location" : "https://github.com/ezachrisen/shadswift.git",
      "state" : {
        "revision" : "4364dd6194bd59bbec4b6e25a341490b49117936",
        "version" : "0.2.0"
      }
    }
  ],
  "version" : 3
}
